// !$*UTF8*$!
{
	archiveVersion = 1;
	classes = {
	};
	objectVersion = 50;
	objects = {

/* Begin PBXBuildFile section */
		D4526C7D23613EA500E046CB /* AllListTableViewController.m in Sources */ = {isa = PBXBuildFile; fileRef = D4526C3323613EA500E046CB /* AllListTableViewController.m */; };
		D4526C7E23613EA500E046CB /* DetailItemTableViewController.m in Sources */ = {isa = PBXBuildFile; fileRef = D4526C3523613EA500E046CB /* DetailItemTableViewController.m */; };
		D4526C7F23613EA500E046CB /* GlobalTimelineViewController.m in Sources */ = {isa = PBXBuildFile; fileRef = D4526C3723613EA500E046CB /* GlobalTimelineViewController.m */; };
		D4526C8023613EA500E046CB /* SHDetailWebViewController.m in Sources */ = {isa = PBXBuildFile; fileRef = D4526C3923613EA500E046CB /* SHDetailWebViewController.m */; };
		D4526C8123613EA500E046CB /* SHHomeWebViewController.m in Sources */ = {isa = PBXBuildFile; fileRef = D4526C3B23613EA500E046CB /* SHHomeWebViewController.m */; };
		D4526C8223613EA500E046CB /* SHSettingViewController.m in Sources */ = {isa = PBXBuildFile; fileRef = D4526C3D23613EA500E046CB /* SHSettingViewController.m */; };
		D4526C8323613EA500E046CB /* SHSettingViewController.xib in Resources */ = {isa = PBXBuildFile; fileRef = D4526C3E23613EA500E046CB /* SHSettingViewController.xib */; };
		D4526C8423613EA500E046CB /* WebViewController.m in Sources */ = {isa = PBXBuildFile; fileRef = D4526C4023613EA500E046CB /* WebViewController.m */; };
		D4526C8523613EA500E046CB /* SHLoveHelper.m in Sources */ = {isa = PBXBuildFile; fileRef = D4526C4323613EA500E046CB /* SHLoveHelper.m */; };
		D4526C8623613EA500E046CB /* SHNewsInfoModel.m in Sources */ = {isa = PBXBuildFile; fileRef = D4526C4523613EA500E046CB /* SHNewsInfoModel.m */; };
		D4526C8723613EA500E046CB /* User.m in Sources */ = {isa = PBXBuildFile; fileRef = D4526C4723613EA500E046CB /* User.m */; };
		D4526C8823613EA500E046CB /* SHNewsGetApi.m in Sources */ = {isa = PBXBuildFile; fileRef = D4526C4A23613EA500E046CB /* SHNewsGetApi.m */; };
		D4526C8923613EA600E046CB /* PostTableViewCell.m in Sources */ = {isa = PBXBuildFile; fileRef = D4526C4D23613EA500E046CB /* PostTableViewCell.m */; };
		D4526C8A23613EA600E046CB /* all.txt in Resources */ = {isa = PBXBuildFile; fileRef = D4526C4F23613EA500E046CB /* all.txt */; };
		D4526C8B23613EA600E046CB /* Assets.xcassets in Resources */ = {isa = PBXBuildFile; fileRef = D4526C5023613EA500E046CB /* Assets.xcassets */; };
		D4526C8C23613EA600E046CB /* DengTa.json in Resources */ = {isa = PBXBuildFile; fileRef = D4526C5123613EA500E046CB /* DengTa.json */; };
		D4526C8D23613EA600E046CB /* profile-image-placeholder@2x.png in Resources */ = {isa = PBXBuildFile; fileRef = D4526C5323613EA500E046CB /* profile-image-placeholder@2x.png */; };
		D4526C8E23613EA600E046CB /* qz_loading.gif in Resources */ = {isa = PBXBuildFile; fileRef = D4526C5423613EA500E046CB /* qz_loading.gif */; };
		D4526C8F23613EA600E046CB /* Launch Screen.storyboard in Resources */ = {isa = PBXBuildFile; fileRef = D4526C5523613EA500E046CB /* Launch Screen.storyboard */; };
		D4526C9023613EA600E046CB /* SHBaseRequest.m in Sources */ = {isa = PBXBuildFile; fileRef = D4526C5923613EA500E046CB /* SHBaseRequest.m */; };
		D4526C9123613EA600E046CB /* SHBaseResponse.m in Sources */ = {isa = PBXBuildFile; fileRef = D4526C5B23613EA500E046CB /* SHBaseResponse.m */; };
		D4526C9223613EA600E046CB /* SHBaseNavigationController.m in Sources */ = {isa = PBXBuildFile; fileRef = D4526C5E23613EA500E046CB /* SHBaseNavigationController.m */; };
		D4526C9323613EA600E046CB /* SHBaseViewController.m in Sources */ = {isa = PBXBuildFile; fileRef = D4526C6123613EA500E046CB /* SHBaseViewController.m */; };
		D4526C9423613EA600E046CB /* AppDelegate.m in Sources */ = {isa = PBXBuildFile; fileRef = D4526C6423613EA500E046CB /* AppDelegate.m */; };
		D4526C9523613EA600E046CB /* main.m in Sources */ = {isa = PBXBuildFile; fileRef = D4526C6523613EA500E046CB /* main.m */; };
		D4526C9623613EA600E046CB /* SHCommon.m in Sources */ = {isa = PBXBuildFile; fileRef = D4526C6723613EA500E046CB /* SHCommon.m */; };
		D4526C9723613EA600E046CB /* UIView+Extension.m in Sources */ = {isa = PBXBuildFile; fileRef = D4526C6B23613EA500E046CB /* UIView+Extension.m */; };
		D4526C9823613EA600E046CB /* iCloudHandle.m in Sources */ = {isa = PBXBuildFile; fileRef = D4526C6E23613EA500E046CB /* iCloudHandle.m */; };
		D4526C9923613EA600E046CB /* ZZRDocument.m in Sources */ = {isa = PBXBuildFile; fileRef = D4526C7023613EA500E046CB /* ZZRDocument.m */; };
		D4526C9A23613EA600E046CB /* ZZRModel.m in Sources */ = {isa = PBXBuildFile; fileRef = D4526C7223613EA500E046CB /* ZZRModel.m */; };
		D4526C9B23613EA600E046CB /* JKLoadingView.m in Sources */ = {isa = PBXBuildFile; fileRef = D4526C7523613EA500E046CB /* JKLoadingView.m */; };
		D4526CA12361400C00E046CB /* CloudKit.framework in Frameworks */ = {isa = PBXBuildFile; fileRef = D4526CA02361400C00E046CB /* CloudKit.framework */; };
/* End PBXBuildFile section */

/* Begin PBXFileReference section */
		D4526C1423613E4000E046CB /* INewsX.app */ = {isa = PBXFileReference; explicitFileType = wrapper.application; includeInIndex = 0; path = INewsX.app; sourceTree = BUILT_PRODUCTS_DIR; };
		D4526C3223613EA500E046CB /* AllListTableViewController.h */ = {isa = PBXFileReference; fileEncoding = 4; lastKnownFileType = sourcecode.c.h; path = AllListTableViewController.h; sourceTree = "<group>"; };
		D4526C3323613EA500E046CB /* AllListTableViewController.m */ = {isa = PBXFileReference; fileEncoding = 4; lastKnownFileType = sourcecode.c.objc; path = AllListTableViewController.m; sourceTree = "<group>"; };
		D4526C3423613EA500E046CB /* DetailItemTableViewController.h */ = {isa = PBXFileReference; fileEncoding = 4; lastKnownFileType = sourcecode.c.h; path = DetailItemTableViewController.h; sourceTree = "<group>"; };
		D4526C3523613EA500E046CB /* DetailItemTableViewController.m */ = {isa = PBXFileReference; fileEncoding = 4; lastKnownFileType = sourcecode.c.objc; path = DetailItemTableViewController.m; sourceTree = "<group>"; };
		D4526C3623613EA500E046CB /* GlobalTimelineViewController.h */ = {isa = PBXFileReference; fileEncoding = 4; lastKnownFileType = sourcecode.c.h; path = GlobalTimelineViewController.h; sourceTree = "<group>"; };
		D4526C3723613EA500E046CB /* GlobalTimelineViewController.m */ = {isa = PBXFileReference; fileEncoding = 4; lastKnownFileType = sourcecode.c.objc; path = GlobalTimelineViewController.m; sourceTree = "<group>"; };
		D4526C3823613EA500E046CB /* SHDetailWebViewController.h */ = {isa = PBXFileReference; fileEncoding = 4; lastKnownFileType = sourcecode.c.h; path = SHDetailWebViewController.h; sourceTree = "<group>"; };
		D4526C3923613EA500E046CB /* SHDetailWebViewController.m */ = {isa = PBXFileReference; fileEncoding = 4; lastKnownFileType = sourcecode.c.objc; path = SHDetailWebViewController.m; sourceTree = "<group>"; };
		D4526C3A23613EA500E046CB /* SHHomeWebViewController.h */ = {isa = PBXFileReference; fileEncoding = 4; lastKnownFileType = sourcecode.c.h; path = SHHomeWebViewController.h; sourceTree = "<group>"; };
		D4526C3B23613EA500E046CB /* SHHomeWebViewController.m */ = {isa = PBXFileReference; fileEncoding = 4; lastKnownFileType = sourcecode.c.objc; path = SHHomeWebViewController.m; sourceTree = "<group>"; };
		D4526C3C23613EA500E046CB /* SHSettingViewController.h */ = {isa = PBXFileReference; fileEncoding = 4; lastKnownFileType = sourcecode.c.h; path = SHSettingViewController.h; sourceTree = "<group>"; };
		D4526C3D23613EA500E046CB /* SHSettingViewController.m */ = {isa = PBXFileReference; fileEncoding = 4; lastKnownFileType = sourcecode.c.objc; path = SHSettingViewController.m; sourceTree = "<group>"; };
		D4526C3E23613EA500E046CB /* SHSettingViewController.xib */ = {isa = PBXFileReference; fileEncoding = 4; lastKnownFileType = file.xib; path = SHSettingViewController.xib; sourceTree = "<group>"; };
		D4526C3F23613EA500E046CB /* WebViewController.h */ = {isa = PBXFileReference; fileEncoding = 4; lastKnownFileType = sourcecode.c.h; path = WebViewController.h; sourceTree = "<group>"; };
		D4526C4023613EA500E046CB /* WebViewController.m */ = {isa = PBXFileReference; fileEncoding = 4; lastKnownFileType = sourcecode.c.objc; path = WebViewController.m; sourceTree = "<group>"; };
		D4526C4223613EA500E046CB /* SHLoveHelper.h */ = {isa = PBXFileReference; fileEncoding = 4; lastKnownFileType = sourcecode.c.h; path = SHLoveHelper.h; sourceTree = "<group>"; };
		D4526C4323613EA500E046CB /* SHLoveHelper.m */ = {isa = PBXFileReference; fileEncoding = 4; lastKnownFileType = sourcecode.c.objc; path = SHLoveHelper.m; sourceTree = "<group>"; };
		D4526C4423613EA500E046CB /* SHNewsInfoModel.h */ = {isa = PBXFileReference; fileEncoding = 4; lastKnownFileType = sourcecode.c.h; path = SHNewsInfoModel.h; sourceTree = "<group>"; };
		D4526C4523613EA500E046CB /* SHNewsInfoModel.m */ = {isa = PBXFileReference; fileEncoding = 4; lastKnownFileType = sourcecode.c.objc; path = SHNewsInfoModel.m; sourceTree = "<group>"; };
		D4526C4623613EA500E046CB /* User.h */ = {isa = PBXFileReference; fileEncoding = 4; lastKnownFileType = sourcecode.c.h; path = User.h; sourceTree = "<group>"; };
		D4526C4723613EA500E046CB /* User.m */ = {isa = PBXFileReference; fileEncoding = 4; lastKnownFileType = sourcecode.c.objc; path = User.m; sourceTree = "<group>"; };
		D4526C4923613EA500E046CB /* SHNewsGetApi.h */ = {isa = PBXFileReference; fileEncoding = 4; lastKnownFileType = sourcecode.c.h; path = SHNewsGetApi.h; sourceTree = "<group>"; };
		D4526C4A23613EA500E046CB /* SHNewsGetApi.m */ = {isa = PBXFileReference; fileEncoding = 4; lastKnownFileType = sourcecode.c.objc; path = SHNewsGetApi.m; sourceTree = "<group>"; };
		D4526C4C23613EA500E046CB /* PostTableViewCell.h */ = {isa = PBXFileReference; fileEncoding = 4; lastKnownFileType = sourcecode.c.h; path = PostTableViewCell.h; sourceTree = "<group>"; };
		D4526C4D23613EA500E046CB /* PostTableViewCell.m */ = {isa = PBXFileReference; fileEncoding = 4; lastKnownFileType = sourcecode.c.objc; path = PostTableViewCell.m; sourceTree = "<group>"; };
		D4526C4F23613EA500E046CB /* all.txt */ = {isa = PBXFileReference; fileEncoding = 4; lastKnownFileType = text; path = all.txt; sourceTree = "<group>"; };
		D4526C5023613EA500E046CB /* Assets.xcassets */ = {isa = PBXFileReference; lastKnownFileType = folder.assetcatalog; path = Assets.xcassets; sourceTree = "<group>"; };
		D4526C5123613EA500E046CB /* DengTa.json */ = {isa = PBXFileReference; fileEncoding = 4; lastKnownFileType = text.json; path = DengTa.json; sourceTree = "<group>"; };
		D4526C5323613EA500E046CB /* profile-image-placeholder@2x.png */ = {isa = PBXFileReference; lastKnownFileType = image.png; path = "profile-image-placeholder@2x.png"; sourceTree = "<group>"; };
		D4526C5423613EA500E046CB /* qz_loading.gif */ = {isa = PBXFileReference; lastKnownFileType = image.gif; path = qz_loading.gif; sourceTree = "<group>"; };
		D4526C5523613EA500E046CB /* Launch Screen.storyboard */ = {isa = PBXFileReference; fileEncoding = 4; lastKnownFileType = file.storyboard; path = "Launch Screen.storyboard"; sourceTree = "<group>"; };
		D4526C5823613EA500E046CB /* SHBaseRequest.h */ = {isa = PBXFileReference; fileEncoding = 4; lastKnownFileType = sourcecode.c.h; path = SHBaseRequest.h; sourceTree = "<group>"; };
		D4526C5923613EA500E046CB /* SHBaseRequest.m */ = {isa = PBXFileReference; fileEncoding = 4; lastKnownFileType = sourcecode.c.objc; path = SHBaseRequest.m; sourceTree = "<group>"; };
		D4526C5A23613EA500E046CB /* SHBaseResponse.h */ = {isa = PBXFileReference; fileEncoding = 4; lastKnownFileType = sourcecode.c.h; path = SHBaseResponse.h; sourceTree = "<group>"; };
		D4526C5B23613EA500E046CB /* SHBaseResponse.m */ = {isa = PBXFileReference; fileEncoding = 4; lastKnownFileType = sourcecode.c.objc; path = SHBaseResponse.m; sourceTree = "<group>"; };
		D4526C5D23613EA500E046CB /* SHBaseNavigationController.h */ = {isa = PBXFileReference; fileEncoding = 4; lastKnownFileType = sourcecode.c.h; path = SHBaseNavigationController.h; sourceTree = "<group>"; };
		D4526C5E23613EA500E046CB /* SHBaseNavigationController.m */ = {isa = PBXFileReference; fileEncoding = 4; lastKnownFileType = sourcecode.c.objc; path = SHBaseNavigationController.m; sourceTree = "<group>"; };
		D4526C6023613EA500E046CB /* SHBaseViewController.h */ = {isa = PBXFileReference; fileEncoding = 4; lastKnownFileType = sourcecode.c.h; path = SHBaseViewController.h; sourceTree = "<group>"; };
		D4526C6123613EA500E046CB /* SHBaseViewController.m */ = {isa = PBXFileReference; fileEncoding = 4; lastKnownFileType = sourcecode.c.objc; path = SHBaseViewController.m; sourceTree = "<group>"; };
		D4526C6323613EA500E046CB /* AppDelegate.h */ = {isa = PBXFileReference; fileEncoding = 4; lastKnownFileType = sourcecode.c.h; path = AppDelegate.h; sourceTree = "<group>"; };
		D4526C6423613EA500E046CB /* AppDelegate.m */ = {isa = PBXFileReference; fileEncoding = 4; lastKnownFileType = sourcecode.c.objc; path = AppDelegate.m; sourceTree = "<group>"; };
		D4526C6523613EA500E046CB /* main.m */ = {isa = PBXFileReference; fileEncoding = 4; lastKnownFileType = sourcecode.c.objc; path = main.m; sourceTree = "<group>"; };
		D4526C6623613EA500E046CB /* SHCommon.h */ = {isa = PBXFileReference; fileEncoding = 4; lastKnownFileType = sourcecode.c.h; path = SHCommon.h; sourceTree = "<group>"; };
		D4526C6723613EA500E046CB /* SHCommon.m */ = {isa = PBXFileReference; fileEncoding = 4; lastKnownFileType = sourcecode.c.objc; path = SHCommon.m; sourceTree = "<group>"; };
		D4526C6A23613EA500E046CB /* UIView+Extension.h */ = {isa = PBXFileReference; fileEncoding = 4; lastKnownFileType = sourcecode.c.h; path = "UIView+Extension.h"; sourceTree = "<group>"; };
		D4526C6B23613EA500E046CB /* UIView+Extension.m */ = {isa = PBXFileReference; fileEncoding = 4; lastKnownFileType = sourcecode.c.objc; path = "UIView+Extension.m"; sourceTree = "<group>"; };
		D4526C6D23613EA500E046CB /* iCloudHandle.h */ = {isa = PBXFileReference; fileEncoding = 4; lastKnownFileType = sourcecode.c.h; path = iCloudHandle.h; sourceTree = "<group>"; };
		D4526C6E23613EA500E046CB /* iCloudHandle.m */ = {isa = PBXFileReference; fileEncoding = 4; lastKnownFileType = sourcecode.c.objc; path = iCloudHandle.m; sourceTree = "<group>"; };
		D4526C6F23613EA500E046CB /* ZZRDocument.h */ = {isa = PBXFileReference; fileEncoding = 4; lastKnownFileType = sourcecode.c.h; path = ZZRDocument.h; sourceTree = "<group>"; };
		D4526C7023613EA500E046CB /* ZZRDocument.m */ = {isa = PBXFileReference; fileEncoding = 4; lastKnownFileType = sourcecode.c.objc; path = ZZRDocument.m; sourceTree = "<group>"; };
		D4526C7123613EA500E046CB /* ZZRModel.h */ = {isa = PBXFileReference; fileEncoding = 4; lastKnownFileType = sourcecode.c.h; path = ZZRModel.h; sourceTree = "<group>"; };
		D4526C7223613EA500E046CB /* ZZRModel.m */ = {isa = PBXFileReference; fileEncoding = 4; lastKnownFileType = sourcecode.c.objc; path = ZZRModel.m; sourceTree = "<group>"; };
		D4526C7423613EA500E046CB /* JKLoadingView.h */ = {isa = PBXFileReference; fileEncoding = 4; lastKnownFileType = sourcecode.c.h; path = JKLoadingView.h; sourceTree = "<group>"; };
		D4526C7523613EA500E046CB /* JKLoadingView.m */ = {isa = PBXFileReference; fileEncoding = 4; lastKnownFileType = sourcecode.c.objc; path = JKLoadingView.m; sourceTree = "<group>"; };
		D4526C7723613EA500E046CB /* ColorMacros.h */ = {isa = PBXFileReference; fileEncoding = 4; lastKnownFileType = sourcecode.c.h; path = ColorMacros.h; sourceTree = "<group>"; };
		D4526C7823613EA500E046CB /* Header.h */ = {isa = PBXFileReference; fileEncoding = 4; lastKnownFileType = sourcecode.c.h; path = Header.h; sourceTree = "<group>"; };
		D4526C7923613EA500E046CB /* Macros.h */ = {isa = PBXFileReference; fileEncoding = 4; lastKnownFileType = sourcecode.c.h; path = Macros.h; sourceTree = "<group>"; };
		D4526C7A23613EA500E046CB /* NotificationContants.h */ = {isa = PBXFileReference; fileEncoding = 4; lastKnownFileType = sourcecode.c.h; path = NotificationContants.h; sourceTree = "<group>"; };
		D4526C7B23613EA500E046CB /* SHMacroDefine.h */ = {isa = PBXFileReference; fileEncoding = 4; lastKnownFileType = sourcecode.c.h; path = SHMacroDefine.h; sourceTree = "<group>"; };
		D4526C7C23613EA500E046CB /* URLString.h */ = {isa = PBXFileReference; fileEncoding = 4; lastKnownFileType = sourcecode.c.h; path = URLString.h; sourceTree = "<group>"; };
		D4526C9C23613EDD00E046CB /* Info.plist */ = {isa = PBXFileReference; lastKnownFileType = text.plist; path = Info.plist; sourceTree = SOURCE_ROOT; };
		D4526C9E2361400900E046CB /* INewsX.entitlements */ = {isa = PBXFileReference; lastKnownFileType = text.plist.entitlements; path = INewsX.entitlements; sourceTree = "<group>"; };
		D4526CA02361400C00E046CB /* CloudKit.framework */ = {isa = PBXFileReference; lastKnownFileType = wrapper.framework; name = CloudKit.framework; path = System/Library/Frameworks/CloudKit.framework; sourceTree = SDKROOT; };
/* End PBXFileReference section */

/* Begin PBXFrameworksBuildPhase section */
		D4526C1123613E4000E046CB /* Frameworks */ = {
			isa = PBXFrameworksBuildPhase;
			buildActionMask = 2147483647;
			files = (
				D4526CA12361400C00E046CB /* CloudKit.framework in Frameworks */,
			);
			runOnlyForDeploymentPostprocessing = 0;
		};
/* End PBXFrameworksBuildPhase section */

/* Begin PBXGroup section */
		D4526C0B23613E4000E046CB = {
			isa = PBXGroup;
			children = (
				D4526C1623613E4000E046CB /* INewsX */,
				D4526C1523613E4000E046CB /* Products */,
				D4526C9F2361400C00E046CB /* Frameworks */,
			);
			sourceTree = "<group>";
		};
		D4526C1523613E4000E046CB /* Products */ = {
			isa = PBXGroup;
			children = (
				D4526C1423613E4000E046CB /* INewsX.app */,
			);
			name = Products;
			sourceTree = "<group>";
		};
		D4526C1623613E4000E046CB /* INewsX */ = {
			isa = PBXGroup;
			children = (
				D4526C9E2361400900E046CB /* INewsX.entitlements */,
				D4526C5623613EA500E046CB /* Base */,
				D4526C7623613EA500E046CB /* Define */,
				D4526C3023613EA500E046CB /* Home */,
				D4526C6223613EA500E046CB /* Public */,
				D4526C4E23613EA500E046CB /* Resource */,
				D4526C6823613EA500E046CB /* Vender */,
			);
			path = INewsX;
			sourceTree = "<group>";
		};
		D4526C3023613EA500E046CB /* Home */ = {
			isa = PBXGroup;
			children = (
				D4526C3123613EA500E046CB /* Controllers */,
				D4526C4123613EA500E046CB /* Models */,
				D4526C4823613EA500E046CB /* Network */,
				D4526C4B23613EA500E046CB /* Views */,
			);
			path = Home;
			sourceTree = "<group>";
		};
		D4526C3123613EA500E046CB /* Controllers */ = {
			isa = PBXGroup;
			children = (
				D4526C3223613EA500E046CB /* AllListTableViewController.h */,
				D4526C3323613EA500E046CB /* AllListTableViewController.m */,
				D4526C3423613EA500E046CB /* DetailItemTableViewController.h */,
				D4526C3523613EA500E046CB /* DetailItemTableViewController.m */,
				D4526C3623613EA500E046CB /* GlobalTimelineViewController.h */,
				D4526C3723613EA500E046CB /* GlobalTimelineViewController.m */,
				D4526C3823613EA500E046CB /* SHDetailWebViewController.h */,
				D4526C3923613EA500E046CB /* SHDetailWebViewController.m */,
				D4526C3A23613EA500E046CB /* SHHomeWebViewController.h */,
				D4526C3B23613EA500E046CB /* SHHomeWebViewController.m */,
				D4526C3C23613EA500E046CB /* SHSettingViewController.h */,
				D4526C3D23613EA500E046CB /* SHSettingViewController.m */,
				D4526C3E23613EA500E046CB /* SHSettingViewController.xib */,
				D4526C3F23613EA500E046CB /* WebViewController.h */,
				D4526C4023613EA500E046CB /* WebViewController.m */,
			);
			path = Controllers;
			sourceTree = "<group>";
		};
		D4526C4123613EA500E046CB /* Models */ = {
			isa = PBXGroup;
			children = (
				D4526C4223613EA500E046CB /* SHLoveHelper.h */,
				D4526C4323613EA500E046CB /* SHLoveHelper.m */,
				D4526C4423613EA500E046CB /* SHNewsInfoModel.h */,
				D4526C4523613EA500E046CB /* SHNewsInfoModel.m */,
				D4526C4623613EA500E046CB /* User.h */,
				D4526C4723613EA500E046CB /* User.m */,
			);
			path = Models;
			sourceTree = "<group>";
		};
		D4526C4823613EA500E046CB /* Network */ = {
			isa = PBXGroup;
			children = (
				D4526C4923613EA500E046CB /* SHNewsGetApi.h */,
				D4526C4A23613EA500E046CB /* SHNewsGetApi.m */,
			);
			path = Network;
			sourceTree = "<group>";
		};
		D4526C4B23613EA500E046CB /* Views */ = {
			isa = PBXGroup;
			children = (
				D4526C4C23613EA500E046CB /* PostTableViewCell.h */,
				D4526C4D23613EA500E046CB /* PostTableViewCell.m */,
			);
			path = Views;
			sourceTree = "<group>";
		};
		D4526C4E23613EA500E046CB /* Resource */ = {
			isa = PBXGroup;
			children = (
				D4526C9C23613EDD00E046CB /* Info.plist */,
				D4526C4F23613EA500E046CB /* all.txt */,
				D4526C5023613EA500E046CB /* Assets.xcassets */,
				D4526C5123613EA500E046CB /* DengTa.json */,
				D4526C5223613EA500E046CB /* Images */,
				D4526C5523613EA500E046CB /* Launch Screen.storyboard */,
			);
			path = Resource;
			sourceTree = "<group>";
		};
		D4526C5223613EA500E046CB /* Images */ = {
			isa = PBXGroup;
			children = (
				D4526C5323613EA500E046CB /* profile-image-placeholder@2x.png */,
				D4526C5423613EA500E046CB /* qz_loading.gif */,
			);
			path = Images;
			sourceTree = "<group>";
		};
		D4526C5623613EA500E046CB /* Base */ = {
			isa = PBXGroup;
			children = (
				D4526C5723613EA500E046CB /* Network */,
				D4526C5C23613EA500E046CB /* UINavigationController */,
				D4526C5F23613EA500E046CB /* UIViewController */,
			);
			path = Base;
			sourceTree = "<group>";
		};
		D4526C5723613EA500E046CB /* Network */ = {
			isa = PBXGroup;
			children = (
				D4526C5823613EA500E046CB /* SHBaseRequest.h */,
				D4526C5923613EA500E046CB /* SHBaseRequest.m */,
				D4526C5A23613EA500E046CB /* SHBaseResponse.h */,
				D4526C5B23613EA500E046CB /* SHBaseResponse.m */,
			);
			path = Network;
			sourceTree = "<group>";
		};
		D4526C5C23613EA500E046CB /* UINavigationController */ = {
			isa = PBXGroup;
			children = (
				D4526C5D23613EA500E046CB /* SHBaseNavigationController.h */,
				D4526C5E23613EA500E046CB /* SHBaseNavigationController.m */,
			);
			path = UINavigationController;
			sourceTree = "<group>";
		};
		D4526C5F23613EA500E046CB /* UIViewController */ = {
			isa = PBXGroup;
			children = (
				D4526C6023613EA500E046CB /* SHBaseViewController.h */,
				D4526C6123613EA500E046CB /* SHBaseViewController.m */,
			);
			path = UIViewController;
			sourceTree = "<group>";
		};
		D4526C6223613EA500E046CB /* Public */ = {
			isa = PBXGroup;
			children = (
				D4526C6323613EA500E046CB /* AppDelegate.h */,
				D4526C6423613EA500E046CB /* AppDelegate.m */,
				D4526C6523613EA500E046CB /* main.m */,
				D4526C6623613EA500E046CB /* SHCommon.h */,
				D4526C6723613EA500E046CB /* SHCommon.m */,
			);
			path = Public;
			sourceTree = "<group>";
		};
		D4526C6823613EA500E046CB /* Vender */ = {
			isa = PBXGroup;
			children = (
				D4526C6923613EA500E046CB /* Category */,
				D4526C6C23613EA500E046CB /* CloudHandle */,
				D4526C7323613EA500E046CB /* LoadingView */,
			);
			path = Vender;
			sourceTree = "<group>";
		};
		D4526C6923613EA500E046CB /* Category */ = {
			isa = PBXGroup;
			children = (
				D4526C6A23613EA500E046CB /* UIView+Extension.h */,
				D4526C6B23613EA500E046CB /* UIView+Extension.m */,
			);
			path = Category;
			sourceTree = "<group>";
		};
		D4526C6C23613EA500E046CB /* CloudHandle */ = {
			isa = PBXGroup;
			children = (
				D4526C6D23613EA500E046CB /* iCloudHandle.h */,
				D4526C6E23613EA500E046CB /* iCloudHandle.m */,
				D4526C6F23613EA500E046CB /* ZZRDocument.h */,
				D4526C7023613EA500E046CB /* ZZRDocument.m */,
				D4526C7123613EA500E046CB /* ZZRModel.h */,
				D4526C7223613EA500E046CB /* ZZRModel.m */,
			);
			path = CloudHandle;
			sourceTree = "<group>";
		};
		D4526C7323613EA500E046CB /* LoadingView */ = {
			isa = PBXGroup;
			children = (
				D4526C7423613EA500E046CB /* JKLoadingView.h */,
				D4526C7523613EA500E046CB /* JKLoadingView.m */,
			);
			path = LoadingView;
			sourceTree = "<group>";
		};
		D4526C7623613EA500E046CB /* Define */ = {
			isa = PBXGroup;
			children = (
				D4526C7723613EA500E046CB /* ColorMacros.h */,
				D4526C7823613EA500E046CB /* Header.h */,
				D4526C7923613EA500E046CB /* Macros.h */,
				D4526C7A23613EA500E046CB /* NotificationContants.h */,
				D4526C7B23613EA500E046CB /* SHMacroDefine.h */,
				D4526C7C23613EA500E046CB /* URLString.h */,
			);
			path = Define;
			sourceTree = "<group>";
		};
		D4526C9F2361400C00E046CB /* Frameworks */ = {
			isa = PBXGroup;
			children = (
				D4526CA02361400C00E046CB /* CloudKit.framework */,
			);
			name = Frameworks;
			sourceTree = "<group>";
		};
/* End PBXGroup section */

/* Begin PBXNativeTarget section */
		D4526C1323613E4000E046CB /* INewsX */ = {
			isa = PBXNativeTarget;
			buildConfigurationList = D4526C2D23613E4200E046CB /* Build configuration list for PBXNativeTarget "INewsX" */;
			buildPhases = (
				D4526C1023613E4000E046CB /* Sources */,
				D4526C1123613E4000E046CB /* Frameworks */,
				D4526C1223613E4000E046CB /* Resources */,
			);
			buildRules = (
			);
			dependencies = (
			);
			name = INewsX;
			productName = INewsX;
			productReference = D4526C1423613E4000E046CB /* INewsX.app */;
			productType = "com.apple.product-type.application";
		};
/* End PBXNativeTarget section */

/* Begin PBXProject section */
		D4526C0C23613E4000E046CB /* Project object */ = {
			isa = PBXProject;
			attributes = {
				LastUpgradeCheck = 1100;
				ORGANIZATIONNAME = sherwin.chen;
				TargetAttributes = {
					D4526C1323613E4000E046CB = {
						CreatedOnToolsVersion = 11.0;
					};
				};
			};
			buildConfigurationList = D4526C0F23613E4000E046CB /* Build configuration list for PBXProject "INewsX" */;
			compatibilityVersion = "Xcode 9.3";
			developmentRegion = en;
			hasScannedForEncodings = 0;
			knownRegions = (
				en,
				Base,
			);
			mainGroup = D4526C0B23613E4000E046CB;
			productRefGroup = D4526C1523613E4000E046CB /* Products */;
			projectDirPath = "";
			projectRoot = "";
			targets = (
				D4526C1323613E4000E046CB /* INewsX */,
			);
		};
/* End PBXProject section */

/* Begin PBXResourcesBuildPhase section */
		D4526C1223613E4000E046CB /* Resources */ = {
			isa = PBXResourcesBuildPhase;
			buildActionMask = 2147483647;
			files = (
				D4526C8A23613EA600E046CB /* all.txt in Resources */,
				D4526C8B23613EA600E046CB /* Assets.xcassets in Resources */,
				D4526C8C23613EA600E046CB /* DengTa.json in Resources */,
				D4526C8323613EA500E046CB /* SHSettingViewController.xib in Resources */,
				D4526C8E23613EA600E046CB /* qz_loading.gif in Resources */,
				D4526C8D23613EA600E046CB /* profile-image-placeholder@2x.png in Resources */,
				D4526C8F23613EA600E046CB /* Launch Screen.storyboard in Resources */,
			);
			runOnlyForDeploymentPostprocessing = 0;
		};
/* End PBXResourcesBuildPhase section */

/* Begin PBXSourcesBuildPhase section */
		D4526C1023613E4000E046CB /* Sources */ = {
			isa = PBXSourcesBuildPhase;
			buildActionMask = 2147483647;
			files = (
				D4526C8723613EA500E046CB /* User.m in Sources */,
				D4526C8823613EA500E046CB /* SHNewsGetApi.m in Sources */,
				D4526C7D23613EA500E046CB /* AllListTableViewController.m in Sources */,
				D4526C9923613EA600E046CB /* ZZRDocument.m in Sources */,
				D4526C8423613EA500E046CB /* WebViewController.m in Sources */,
				D4526C8523613EA500E046CB /* SHLoveHelper.m in Sources */,
				D4526C9A23613EA600E046CB /* ZZRModel.m in Sources */,
				D4526C9023613EA600E046CB /* SHBaseRequest.m in Sources */,
				D4526C9323613EA600E046CB /* SHBaseViewController.m in Sources */,
				D4526C8623613EA500E046CB /* SHNewsInfoModel.m in Sources */,
				D4526C8023613EA500E046CB /* SHDetailWebViewController.m in Sources */,
				D4526C9123613EA600E046CB /* SHBaseResponse.m in Sources */,
				D4526C9723613EA600E046CB /* UIView+Extension.m in Sources */,
				D4526C8923613EA600E046CB /* PostTableViewCell.m in Sources */,
				D4526C8223613EA500E046CB /* SHSettingViewController.m in Sources */,
				D4526C7E23613EA500E046CB /* DetailItemTableViewController.m in Sources */,
				D4526C9B23613EA600E046CB /* JKLoadingView.m in Sources */,
				D4526C8123613EA500E046CB /* SHHomeWebViewController.m in Sources */,
				D4526C9423613EA600E046CB /* AppDelegate.m in Sources */,
				D4526C9623613EA600E046CB /* SHCommon.m in Sources */,
				D4526C9223613EA600E046CB /* SHBaseNavigationController.m in Sources */,
				D4526C9523613EA600E046CB /* main.m in Sources */,
				D4526C9823613EA600E046CB /* iCloudHandle.m in Sources */,
				D4526C7F23613EA500E046CB /* GlobalTimelineViewController.m in Sources */,
			);
			runOnlyForDeploymentPostprocessing = 0;
		};
/* End PBXSourcesBuildPhase section */

/* Begin XCBuildConfiguration section */
		D4526C2B23613E4200E046CB /* Debug */ = {
			isa = XCBuildConfiguration;
			buildSettings = {
				ALWAYS_SEARCH_USER_PATHS = NO;
				CLANG_ANALYZER_NONNULL = YES;
				CLANG_ANALYZER_NUMBER_OBJECT_CONVERSION = YES_AGGRESSIVE;
				CLANG_CXX_LANGUAGE_STANDARD = "gnu++14";
				CLANG_CXX_LIBRARY = "libc++";
				CLANG_ENABLE_MODULES = YES;
				CLANG_ENABLE_OBJC_ARC = YES;
				CLANG_ENABLE_OBJC_WEAK = YES;
				CLANG_WARN_BLOCK_CAPTURE_AUTORELEASING = YES;
				CLANG_WARN_BOOL_CONVERSION = YES;
				CLANG_WARN_COMMA = YES;
				CLANG_WARN_CONSTANT_CONVERSION = YES;
				CLANG_WARN_DEPRECATED_OBJC_IMPLEMENTATIONS = YES;
				CLANG_WARN_DIRECT_OBJC_ISA_USAGE = YES_ERROR;
				CLANG_WARN_DOCUMENTATION_COMMENTS = YES;
				CLANG_WARN_EMPTY_BODY = YES;
				CLANG_WARN_ENUM_CONVERSION = YES;
				CLANG_WARN_INFINITE_RECURSION = YES;
				CLANG_WARN_INT_CONVERSION = YES;
				CLANG_WARN_NON_LITERAL_NULL_CONVERSION = YES;
				CLANG_WARN_OBJC_IMPLICIT_RETAIN_SELF = YES;
				CLANG_WARN_OBJC_LITERAL_CONVERSION = YES;
				CLANG_WARN_OBJC_ROOT_CLASS = YES_ERROR;
				CLANG_WARN_RANGE_LOOP_ANALYSIS = YES;
				CLANG_WARN_STRICT_PROTOTYPES = YES;
				CLANG_WARN_SUSPICIOUS_MOVE = YES;
				CLANG_WARN_UNGUARDED_AVAILABILITY = YES_AGGRESSIVE;
				CLANG_WARN_UNREACHABLE_CODE = YES;
				CLANG_WARN__DUPLICATE_METHOD_MATCH = YES;
				COPY_PHASE_STRIP = NO;
				DEBUG_INFORMATION_FORMAT = dwarf;
				ENABLE_STRICT_OBJC_MSGSEND = YES;
				ENABLE_TESTABILITY = YES;
				GCC_C_LANGUAGE_STANDARD = gnu11;
				GCC_DYNAMIC_NO_PIC = NO;
				GCC_NO_COMMON_BLOCKS = YES;
				GCC_OPTIMIZATION_LEVEL = 0;
				GCC_PREPROCESSOR_DEFINITIONS = (
					"DEBUG=1",
					"$(inherited)",
				);
				GCC_WARN_64_TO_32_BIT_CONVERSION = YES;
				GCC_WARN_ABOUT_RETURN_TYPE = YES_ERROR;
				GCC_WARN_UNDECLARED_SELECTOR = YES;
				GCC_WARN_UNINITIALIZED_AUTOS = YES_AGGRESSIVE;
				GCC_WARN_UNUSED_FUNCTION = YES;
				GCC_WARN_UNUSED_VARIABLE = YES;
				IPHONEOS_DEPLOYMENT_TARGET = 13.0;
				MTL_ENABLE_DEBUG_INFO = INCLUDE_SOURCE;
				MTL_FAST_MATH = YES;
				ONLY_ACTIVE_ARCH = YES;
				SDKROOT = iphoneos;
			};
			name = Debug;
		};
		D4526C2C23613E4200E046CB /* Release */ = {
			isa = XCBuildConfiguration;
			buildSettings = {
				ALWAYS_SEARCH_USER_PATHS = NO;
				CLANG_ANALYZER_NONNULL = YES;
				CLANG_ANALYZER_NUMBER_OBJECT_CONVERSION = YES_AGGRESSIVE;
				CLANG_CXX_LANGUAGE_STANDARD = "gnu++14";
				CLANG_CXX_LIBRARY = "libc++";
				CLANG_ENABLE_MODULES = YES;
				CLANG_ENABLE_OBJC_ARC = YES;
				CLANG_ENABLE_OBJC_WEAK = YES;
				CLANG_WARN_BLOCK_CAPTURE_AUTORELEASING = YES;
				CLANG_WARN_BOOL_CONVERSION = YES;
				CLANG_WARN_COMMA = YES;
				CLANG_WARN_CONSTANT_CONVERSION = YES;
				CLANG_WARN_DEPRECATED_OBJC_IMPLEMENTATIONS = YES;
				CLANG_WARN_DIRECT_OBJC_ISA_USAGE = YES_ERROR;
				CLANG_WARN_DOCUMENTATION_COMMENTS = YES;
				CLANG_WARN_EMPTY_BODY = YES;
				CLANG_WARN_ENUM_CONVERSION = YES;
				CLANG_WARN_INFINITE_RECURSION = YES;
				CLANG_WARN_INT_CONVERSION = YES;
				CLANG_WARN_NON_LITERAL_NULL_CONVERSION = YES;
				CLANG_WARN_OBJC_IMPLICIT_RETAIN_SELF = YES;
				CLANG_WARN_OBJC_LITERAL_CONVERSION = YES;
				CLANG_WARN_OBJC_ROOT_CLASS = YES_ERROR;
				CLANG_WARN_RANGE_LOOP_ANALYSIS = YES;
				CLANG_WARN_STRICT_PROTOTYPES = YES;
				CLANG_WARN_SUSPICIOUS_MOVE = YES;
				CLANG_WARN_UNGUARDED_AVAILABILITY = YES_AGGRESSIVE;
				CLANG_WARN_UNREACHABLE_CODE = YES;
				CLANG_WARN__DUPLICATE_METHOD_MATCH = YES;
				COPY_PHASE_STRIP = NO;
				DEBUG_INFORMATION_FORMAT = "dwarf-with-dsym";
				ENABLE_NS_ASSERTIONS = NO;
				ENABLE_STRICT_OBJC_MSGSEND = YES;
				GCC_C_LANGUAGE_STANDARD = gnu11;
				GCC_NO_COMMON_BLOCKS = YES;
				GCC_WARN_64_TO_32_BIT_CONVERSION = YES;
				GCC_WARN_ABOUT_RETURN_TYPE = YES_ERROR;
				GCC_WARN_UNDECLARED_SELECTOR = YES;
				GCC_WARN_UNINITIALIZED_AUTOS = YES_AGGRESSIVE;
				GCC_WARN_UNUSED_FUNCTION = YES;
				GCC_WARN_UNUSED_VARIABLE = YES;
				IPHONEOS_DEPLOYMENT_TARGET = 13.0;
				MTL_ENABLE_DEBUG_INFO = NO;
				MTL_FAST_MATH = YES;
				SDKROOT = iphoneos;
				VALIDATE_PRODUCT = YES;
			};
			name = Release;
		};
		D4526C2E23613E4200E046CB /* Debug */ = {
			isa = XCBuildConfiguration;
			buildSettings = {
				ASSETCATALOG_COMPILER_APPICON_NAME = AppIcon;
				CODE_SIGN_ENTITLEMENTS = INewsX/INewsX.entitlements;
				CODE_SIGN_IDENTITY = "iPhone Developer";
				CODE_SIGN_STYLE = Manual;
				CURRENT_PROJECT_VERSION = 2019.1024.1008;
				DEVELOPMENT_TEAM = H9Z4MVAQY2;
				INFOPLIST_FILE = "$(SRCROOT)/Info.plist";
				LD_RUNPATH_SEARCH_PATHS = (
					"$(inherited)",
					"@executable_path/Frameworks",
				);
				MARKETING_VERSION = 1.2.1;
				PRODUCT_BUNDLE_IDENTIFIER = com.mmt.INewsX;
				PRODUCT_NAME = "$(TARGET_NAME)";
				PROVISIONING_PROFILE_SPECIFIER = devMMT_INewsX;
				TARGETED_DEVICE_FAMILY = 1;
			};
			name = Debug;
		};
		D4526C2F23613E4200E046CB /* Release */ = {
			isa = XCBuildConfiguration;
			buildSettings = {
				ASSETCATALOG_COMPILER_APPICON_NAME = AppIcon;
				CODE_SIGN_ENTITLEMENTS = INewsX/INewsX.entitlements;
				CODE_SIGN_IDENTITY = "iPhone Distribution";
				CODE_SIGN_STYLE = Manual;
				CURRENT_PROJECT_VERSION = 2019.1024.1008;
				DEVELOPMENT_TEAM = H9Z4MVAQY2;
				INFOPLIST_FILE = "$(SRCROOT)/Info.plist";
				LD_RUNPATH_SEARCH_PATHS = (
					"$(inherited)",
					"@executable_path/Frameworks",
				);
				MARKETING_VERSION = 1.2.1;
				PRODUCT_BUNDLE_IDENTIFIER = com.mmt.INewsX;
				PRODUCT_NAME = "$(TARGET_NAME)";
				PROVISIONING_PROFILE_SPECIFIER = disMMT_INewsX;
				TARGETED_DEVICE_FAMILY = 1;
			};
			name = Release;
		};
/* End XCBuildConfiguration section */

/* Begin XCConfigurationList section */
		D4526C0F23613E4000E046CB /* Build configuration list for PBXProject "INewsX" */ = {
			isa = XCConfigurationList;
			buildConfigurations = (
				D4526C2B23613E4200E046CB /* Debug */,
				D4526C2C23613E4200E046CB /* Release */,
			);
			defaultConfigurationIsVisible = 0;
			defaultConfigurationName = Release;
		};
		D4526C2D23613E4200E046CB /* Build configuration list for PBXNativeTarget "INewsX" */ = {
			isa = XCConfigurationList;
			buildConfigurations = (
				D4526C2E23613E4200E046CB /* Debug */,
				D4526C2F23613E4200E046CB /* Release */,
			);
			defaultConfigurationIsVisible = 0;
			defaultConfigurationName = Release;
		};
/* End XCConfigurationList section */
	};
	rootObject = D4526C0C23613E4000E046CB /* Project object */;
}
